// !$*UTF8*$!
{
	archiveVersion = 1;
	classes = {
	};
	objectVersion = 50;
	objects = {

/* Begin PBXBuildFile section */
		97CACB29219A6A3500D29F01 /* AppDelegate.swift in Sources */ = {isa = PBXBuildFile; fileRef = 97CACB28219A6A3500D29F01 /* AppDelegate.swift */; };
		97CACB2B219A6A3500D29F01 /* ViewController.swift in Sources */ = {isa = PBXBuildFile; fileRef = 97CACB2A219A6A3500D29F01 /* ViewController.swift */; };
		97CACB2E219A6A3500D29F01 /* Main.storyboard in Resources */ = {isa = PBXBuildFile; fileRef = 97CACB2C219A6A3500D29F01 /* Main.storyboard */; };
		97CACB31219A6A3500D29F01 /* PersonalCaddie.xcdatamodeld in Sources */ = {isa = PBXBuildFile; fileRef = 97CACB2F219A6A3500D29F01 /* PersonalCaddie.xcdatamodeld */; };
		97CACB33219A6A3800D29F01 /* Assets.xcassets in Resources */ = {isa = PBXBuildFile; fileRef = 97CACB32219A6A3800D29F01 /* Assets.xcassets */; };
		97CACB36219A6A3800D29F01 /* LaunchScreen.storyboard in Resources */ = {isa = PBXBuildFile; fileRef = 97CACB34219A6A3800D29F01 /* LaunchScreen.storyboard */; };
		97CACB41219A6A3900D29F01 /* PersonalCaddieTests.swift in Sources */ = {isa = PBXBuildFile; fileRef = 97CACB40219A6A3900D29F01 /* PersonalCaddieTests.swift */; };
/* End PBXBuildFile section */

/* Begin PBXContainerItemProxy section */
		97CACB3D219A6A3900D29F01 /* PBXContainerItemProxy */ = {
			isa = PBXContainerItemProxy;
			containerPortal = 97CACB1D219A6A3400D29F01 /* Project object */;
			proxyType = 1;
			remoteGlobalIDString = 97CACB24219A6A3500D29F01;
			remoteInfo = PersonalCaddie;
		};
/* End PBXContainerItemProxy section */

/* Begin PBXFileReference section */
		97CACB25219A6A3500D29F01 /* PersonalCaddie.app */ = {isa = PBXFileReference; explicitFileType = wrapper.application; includeInIndex = 0; path = PersonalCaddie.app; sourceTree = BUILT_PRODUCTS_DIR; };
		97CACB28219A6A3500D29F01 /* AppDelegate.swift */ = {isa = PBXFileReference; lastKnownFileType = sourcecode.swift; path = AppDelegate.swift; sourceTree = "<group>"; };
		97CACB2A219A6A3500D29F01 /* ViewController.swift */ = {isa = PBXFileReference; lastKnownFileType = sourcecode.swift; path = ViewController.swift; sourceTree = "<group>"; };
		97CACB2D219A6A3500D29F01 /* Base */ = {isa = PBXFileReference; lastKnownFileType = file.storyboard; name = Base; path = Base.lproj/Main.storyboard; sourceTree = "<group>"; };
		97CACB30219A6A3500D29F01 /* PersonalCaddie.xcdatamodel */ = {isa = PBXFileReference; lastKnownFileType = wrapper.xcdatamodel; path = PersonalCaddie.xcdatamodel; sourceTree = "<group>"; };
		97CACB32219A6A3800D29F01 /* Assets.xcassets */ = {isa = PBXFileReference; lastKnownFileType = folder.assetcatalog; path = Assets.xcassets; sourceTree = "<group>"; };
		97CACB35219A6A3800D29F01 /* Base */ = {isa = PBXFileReference; lastKnownFileType = file.storyboard; name = Base; path = Base.lproj/LaunchScreen.storyboard; sourceTree = "<group>"; };
		97CACB37219A6A3800D29F01 /* Info.plist */ = {isa = PBXFileReference; lastKnownFileType = text.plist.xml; path = Info.plist; sourceTree = "<group>"; };
		97CACB3C219A6A3900D29F01 /* PersonalCaddieTests.xctest */ = {isa = PBXFileReference; explicitFileType = wrapper.cfbundle; includeInIndex = 0; path = PersonalCaddieTests.xctest; sourceTree = BUILT_PRODUCTS_DIR; };
		97CACB40219A6A3900D29F01 /* PersonalCaddieTests.swift */ = {isa = PBXFileReference; lastKnownFileType = sourcecode.swift; path = PersonalCaddieTests.swift; sourceTree = "<group>"; };
		97CACB42219A6A3900D29F01 /* Info.plist */ = {isa = PBXFileReference; lastKnownFileType = text.plist.xml; path = Info.plist; sourceTree = "<group>"; };
/* End PBXFileReference section */

/* Begin PBXFrameworksBuildPhase section */
		97CACB22219A6A3500D29F01 /* Frameworks */ = {
			isa = PBXFrameworksBuildPhase;
			buildActionMask = 2147483647;
			files = (
			);
			runOnlyForDeploymentPostprocessing = 0;
		};
		97CACB39219A6A3900D29F01 /* Frameworks */ = {
			isa = PBXFrameworksBuildPhase;
			buildActionMask = 2147483647;
			files = (
			);
			runOnlyForDeploymentPostprocessing = 0;
		};
/* End PBXFrameworksBuildPhase section */

/* Begin PBXGroup section */
		97CACB1C219A6A3400D29F01 = {
			isa = PBXGroup;
			children = (
				97CACB27219A6A3500D29F01 /* PersonalCaddie */,
				97CACB3F219A6A3900D29F01 /* PersonalCaddieTests */,
				97CACB26219A6A3500D29F01 /* Products */,
			);
			sourceTree = "<group>";
		};
		97CACB26219A6A3500D29F01 /* Products */ = {
			isa = PBXGroup;
			children = (
				97CACB25219A6A3500D29F01 /* PersonalCaddie.app */,
				97CACB3C219A6A3900D29F01 /* PersonalCaddieTests.xctest */,
			);
			name = Products;
			sourceTree = "<group>";
		};
		97CACB27219A6A3500D29F01 /* PersonalCaddie */ = {
			isa = PBXGroup;
			children = (
				97CACB28219A6A3500D29F01 /* AppDelegate.swift */,
				97CACB2A219A6A3500D29F01 /* ViewController.swift */,
				97CACB2C219A6A3500D29F01 /* Main.storyboard */,
				97CACB32219A6A3800D29F01 /* Assets.xcassets */,
				97CACB34219A6A3800D29F01 /* LaunchScreen.storyboard */,
				97CACB37219A6A3800D29F01 /* Info.plist */,
				97CACB2F219A6A3500D29F01 /* PersonalCaddie.xcdatamodeld */,
			);
			path = PersonalCaddie;
			sourceTree = "<group>";
		};
		97CACB3F219A6A3900D29F01 /* PersonalCaddieTests */ = {
			isa = PBXGroup;
			children = (
				97CACB40219A6A3900D29F01 /* PersonalCaddieTests.swift */,
				97CACB42219A6A3900D29F01 /* Info.plist */,
			);
			path = PersonalCaddieTests;
			sourceTree = "<group>";
		};
/* End PBXGroup section */

/* Begin PBXNativeTarget section */
		97CACB24219A6A3500D29F01 /* PersonalCaddie */ = {
			isa = PBXNativeTarget;
			buildConfigurationList = 97CACB45219A6A3900D29F01 /* Build configuration list for PBXNativeTarget "PersonalCaddie" */;
			buildPhases = (
				97CACB21219A6A3500D29F01 /* Sources */,
				97CACB22219A6A3500D29F01 /* Frameworks */,
				97CACB23219A6A3500D29F01 /* Resources */,
			);
			buildRules = (
			);
			dependencies = (
			);
			name = PersonalCaddie;
			productName = PersonalCaddie;
			productReference = 97CACB25219A6A3500D29F01 /* PersonalCaddie.app */;
			productType = "com.apple.product-type.application";
		};
		97CACB3B219A6A3900D29F01 /* PersonalCaddieTests */ = {
			isa = PBXNativeTarget;
			buildConfigurationList = 97CACB48219A6A3900D29F01 /* Build configuration list for PBXNativeTarget "PersonalCaddieTests" */;
			buildPhases = (
				97CACB38219A6A3900D29F01 /* Sources */,
				97CACB39219A6A3900D29F01 /* Frameworks */,
				97CACB3A219A6A3900D29F01 /* Resources */,
			);
			buildRules = (
			);
			dependencies = (
				97CACB3E219A6A3900D29F01 /* PBXTargetDependency */,
			);
			name = PersonalCaddieTests;
			productName = PersonalCaddieTests;
			productReference = 97CACB3C219A6A3900D29F01 /* PersonalCaddieTests.xctest */;
			productType = "com.apple.product-type.bundle.unit-test";
		};
/* End PBXNativeTarget section */

/* Begin PBXProject section */
		97CACB1D219A6A3400D29F01 /* Project object */ = {
			isa = PBXProject;
			attributes = {
				LastSwiftUpdateCheck = 0940;
				LastUpgradeCheck = 0940;
				ORGANIZATIONNAME = 67442;
				TargetAttributes = {
					97CACB24219A6A3500D29F01 = {
						CreatedOnToolsVersion = 9.4.1;
					};
					97CACB3B219A6A3900D29F01 = {
						CreatedOnToolsVersion = 9.4.1;
						TestTargetID = 97CACB24219A6A3500D29F01;
					};
				};
			};
			buildConfigurationList = 97CACB20219A6A3400D29F01 /* Build configuration list for PBXProject "PersonalCaddie" */;
			compatibilityVersion = "Xcode 9.3";
			developmentRegion = en;
			hasScannedForEncodings = 0;
			knownRegions = (
				en,
				Base,
			);
			mainGroup = 97CACB1C219A6A3400D29F01;
			productRefGroup = 97CACB26219A6A3500D29F01 /* Products */;
			projectDirPath = "";
			projectRoot = "";
			targets = (
				97CACB24219A6A3500D29F01 /* PersonalCaddie */,
				97CACB3B219A6A3900D29F01 /* PersonalCaddieTests */,
			);
		};
/* End PBXProject section */

/* Begin PBXResourcesBuildPhase section */
		97CACB23219A6A3500D29F01 /* Resources */ = {
			isa = PBXResourcesBuildPhase;
			buildActionMask = 2147483647;
			files = (
				97CACB36219A6A3800D29F01 /* LaunchScreen.storyboard in Resources */,
				97CACB33219A6A3800D29F01 /* Assets.xcassets in Resources */,
				97CACB2E219A6A3500D29F01 /* Main.storyboard in Resources */,
			);
			runOnlyForDeploymentPostprocessing = 0;
		};
		97CACB3A219A6A3900D29F01 /* Resources */ = {
			isa = PBXResourcesBuildPhase;
			buildActionMask = 2147483647;
			files = (
			);
			runOnlyForDeploymentPostprocessing = 0;
		};
/* End PBXResourcesBuildPhase section */

/* Begin PBXSourcesBuildPhase section */
		97CACB21219A6A3500D29F01 /* Sources */ = {
			isa = PBXSourcesBuildPhase;
			buildActionMask = 2147483647;
			files = (
				97CACB2B219A6A3500D29F01 /* ViewController.swift in Sources */,
				97CACB29219A6A3500D29F01 /* AppDelegate.swift in Sources */,
				97CACB31219A6A3500D29F01 /* PersonalCaddie.xcdatamodeld in Sources */,
			);
			runOnlyForDeploymentPostprocessing = 0;
		};
		97CACB38219A6A3900D29F01 /* Sources */ = {
			isa = PBXSourcesBuildPhase;
			buildActionMask = 2147483647;
			files = (
				97CACB41219A6A3900D29F01 /* PersonalCaddieTests.swift in Sources */,
			);
			runOnlyForDeploymentPostprocessing = 0;
		};
/* End PBXSourcesBuildPhase section */

/* Begin PBXTargetDependency section */
		97CACB3E219A6A3900D29F01 /* PBXTargetDependency */ = {
			isa = PBXTargetDependency;
			target = 97CACB24219A6A3500D29F01 /* PersonalCaddie */;
			targetProxy = 97CACB3D219A6A3900D29F01 /* PBXContainerItemProxy */;
		};
/* End PBXTargetDependency section */

/* Begin PBXVariantGroup section */
		97CACB2C219A6A3500D29F01 /* Main.storyboard */ = {
			isa = PBXVariantGroup;
			children = (
				97CACB2D219A6A3500D29F01 /* Base */,
			);
			name = Main.storyboard;
			sourceTree = "<group>";
		};
		97CACB34219A6A3800D29F01 /* LaunchScreen.storyboard */ = {
			isa = PBXVariantGroup;
			children = (
				97CACB35219A6A3800D29F01 /* Base */,
			);
			name = LaunchScreen.storyboard;
			sourceTree = "<group>";
		};
/* End PBXVariantGroup section */

/* Begin XCBuildConfiguration section */
		97CACB43219A6A3900D29F01 /* Debug */ = {
			isa = XCBuildConfiguration;
			buildSettings = {
				ALWAYS_SEARCH_USER_PATHS = NO;
				CLANG_ANALYZER_NONNULL = YES;
				CLANG_ANALYZER_NUMBER_OBJECT_CONVERSION = YES_AGGRESSIVE;
				CLANG_CXX_LANGUAGE_STANDARD = "gnu++14";
				CLANG_CXX_LIBRARY = "libc++";
				CLANG_ENABLE_MODULES = YES;
				CLANG_ENABLE_OBJC_ARC = YES;
				CLANG_ENABLE_OBJC_WEAK = YES;
				CLANG_WARN_BLOCK_CAPTURE_AUTORELEASING = YES;
				CLANG_WARN_BOOL_CONVERSION = YES;
				CLANG_WARN_COMMA = YES;
				CLANG_WARN_CONSTANT_CONVERSION = YES;
				CLANG_WARN_DEPRECATED_OBJC_IMPLEMENTATIONS = YES;
				CLANG_WARN_DIRECT_OBJC_ISA_USAGE = YES_ERROR;
				CLANG_WARN_DOCUMENTATION_COMMENTS = YES;
				CLANG_WARN_EMPTY_BODY = YES;
				CLANG_WARN_ENUM_CONVERSION = YES;
				CLANG_WARN_INFINITE_RECURSION = YES;
				CLANG_WARN_INT_CONVERSION = YES;
				CLANG_WARN_NON_LITERAL_NULL_CONVERSION = YES;
				CLANG_WARN_OBJC_IMPLICIT_RETAIN_SELF = YES;
				CLANG_WARN_OBJC_LITERAL_CONVERSION = YES;
				CLANG_WARN_OBJC_ROOT_CLASS = YES_ERROR;
				CLANG_WARN_RANGE_LOOP_ANALYSIS = YES;
				CLANG_WARN_STRICT_PROTOTYPES = YES;
				CLANG_WARN_SUSPICIOUS_MOVE = YES;
				CLANG_WARN_UNGUARDED_AVAILABILITY = YES_AGGRESSIVE;
				CLANG_WARN_UNREACHABLE_CODE = YES;
				CLANG_WARN__DUPLICATE_METHOD_MATCH = YES;
				CODE_SIGN_IDENTITY = "iPhone Developer";
				COPY_PHASE_STRIP = NO;
				DEBUG_INFORMATION_FORMAT = dwarf;
				ENABLE_STRICT_OBJC_MSGSEND = YES;
				ENABLE_TESTABILITY = YES;
				GCC_C_LANGUAGE_STANDARD = gnu11;
				GCC_DYNAMIC_NO_PIC = NO;
				GCC_NO_COMMON_BLOCKS = YES;
				GCC_OPTIMIZATION_LEVEL = 0;
				GCC_PREPROCESSOR_DEFINITIONS = (
					"DEBUG=1",
					"$(inherited)",
				);
				GCC_WARN_64_TO_32_BIT_CONVERSION = YES;
				GCC_WARN_ABOUT_RETURN_TYPE = YES_ERROR;
				GCC_WARN_UNDECLARED_SELECTOR = YES;
				GCC_WARN_UNINITIALIZED_AUTOS = YES_AGGRESSIVE;
				GCC_WARN_UNUSED_FUNCTION = YES;
				GCC_WARN_UNUSED_VARIABLE = YES;
				IPHONEOS_DEPLOYMENT_TARGET = 11.4;
				MTL_ENABLE_DEBUG_INFO = YES;
				ONLY_ACTIVE_ARCH = YES;
				SDKROOT = iphoneos;
				SWIFT_ACTIVE_COMPILATION_CONDITIONS = DEBUG;
				SWIFT_OPTIMIZATION_LEVEL = "-Onone";
			};
			name = Debug;
		};
		97CACB44219A6A3900D29F01 /* Release */ = {
			isa = XCBuildConfiguration;
			buildSettings = {
				ALWAYS_SEARCH_USER_PATHS = NO;
				CLANG_ANALYZER_NONNULL = YES;
				CLANG_ANALYZER_NUMBER_OBJECT_CONVERSION = YES_AGGRESSIVE;
				CLANG_CXX_LANGUAGE_STANDARD = "gnu++14";
				CLANG_CXX_LIBRARY = "libc++";
				CLANG_ENABLE_MODULES = YES;
				CLANG_ENABLE_OBJC_ARC = YES;
				CLANG_ENABLE_OBJC_WEAK = YES;
				CLANG_WARN_BLOCK_CAPTURE_AUTORELEASING = YES;
				CLANG_WARN_BOOL_CONVERSION = YES;
				CLANG_WARN_COMMA = YES;
				CLANG_WARN_CONSTANT_CONVERSION = YES;
				CLANG_WARN_DEPRECATED_OBJC_IMPLEMENTATIONS = YES;
				CLANG_WARN_DIRECT_OBJC_ISA_USAGE = YES_ERROR;
				CLANG_WARN_DOCUMENTATION_COMMENTS = YES;
				CLANG_WARN_EMPTY_BODY = YES;
				CLANG_WARN_ENUM_CONVERSION = YES;
				CLANG_WARN_INFINITE_RECURSION = YES;
				CLANG_WARN_INT_CONVERSION = YES;
				CLANG_WARN_NON_LITERAL_NULL_CONVERSION = YES;
				CLANG_WARN_OBJC_IMPLICIT_RETAIN_SELF = YES;
				CLANG_WARN_OBJC_LITERAL_CONVERSION = YES;
				CLANG_WARN_OBJC_ROOT_CLASS = YES_ERROR;
				CLANG_WARN_RANGE_LOOP_ANALYSIS = YES;
				CLANG_WARN_STRICT_PROTOTYPES = YES;
				CLANG_WARN_SUSPICIOUS_MOVE = YES;
				CLANG_WARN_UNGUARDED_AVAILABILITY = YES_AGGRESSIVE;
				CLANG_WARN_UNREACHABLE_CODE = YES;
				CLANG_WARN__DUPLICATE_METHOD_MATCH = YES;
				CODE_SIGN_IDENTITY = "iPhone Developer";
				COPY_PHASE_STRIP = NO;
				DEBUG_INFORMATION_FORMAT = "dwarf-with-dsym";
				ENABLE_NS_ASSERTIONS = NO;
				ENABLE_STRICT_OBJC_MSGSEND = YES;
				GCC_C_LANGUAGE_STANDARD = gnu11;
				GCC_NO_COMMON_BLOCKS = YES;
				GCC_WARN_64_TO_32_BIT_CONVERSION = YES;
				GCC_WARN_ABOUT_RETURN_TYPE = YES_ERROR;
				GCC_WARN_UNDECLARED_SELECTOR = YES;
				GCC_WARN_UNINITIALIZED_AUTOS = YES_AGGRESSIVE;
				GCC_WARN_UNUSED_FUNCTION = YES;
				GCC_WARN_UNUSED_VARIABLE = YES;
				IPHONEOS_DEPLOYMENT_TARGET = 11.4;
				MTL_ENABLE_DEBUG_INFO = NO;
				SDKROOT = iphoneos;
				SWIFT_COMPILATION_MODE = wholemodule;
				SWIFT_OPTIMIZATION_LEVEL = "-O";
				VALIDATE_PRODUCT = YES;
			};
			name = Release;
		};
		97CACB46219A6A3900D29F01 /* Debug */ = {
			isa = XCBuildConfiguration;
			buildSettings = {
				ASSETCATALOG_COMPILER_APPICON_NAME = AppIcon;
				CODE_SIGN_STYLE = Automatic;
				DEVELOPMENT_TEAM = WA5N688T3G;
				INFOPLIST_FILE = PersonalCaddie/Info.plist;
				LD_RUNPATH_SEARCH_PATHS = (
					"$(inherited)",
					"@executable_path/Frameworks",
				);
				PRODUCT_BUNDLE_IDENTIFIER = com.67442.PersonalCaddie;
				PRODUCT_NAME = "$(TARGET_NAME)";
				SWIFT_VERSION = 4.0;
				TARGETED_DEVICE_FAMILY = "1,2";
			};
			name = Debug;
		};
		97CACB47219A6A3900D29F01 /* Release */ = {
			isa = XCBuildConfiguration;
			buildSettings = {
				ASSETCATALOG_COMPILER_APPICON_NAME = AppIcon;
				CODE_SIGN_STYLE = Automatic;
				DEVELOPMENT_TEAM = WA5N688T3G;
				INFOPLIST_FILE = PersonalCaddie/Info.plist;
				LD_RUNPATH_SEARCH_PATHS = (
					"$(inherited)",
					"@executable_path/Frameworks",
				);
				PRODUCT_BUNDLE_IDENTIFIER = com.67442.PersonalCaddie;
				PRODUCT_NAME = "$(TARGET_NAME)";
				SWIFT_VERSION = 4.0;
				TARGETED_DEVICE_FAMILY = "1,2";
			};
			name = Release;
		};
		97CACB49219A6A3900D29F01 /* Debug */ = {
			isa = XCBuildConfiguration;
			buildSettings = {
				ALWAYS_EMBED_SWIFT_STANDARD_LIBRARIES = YES;
				BUNDLE_LOADER = "$(TEST_HOST)";
				CODE_SIGN_STYLE = Automatic;
				DEVELOPMENT_TEAM = WA5N688T3G;
				INFOPLIST_FILE = PersonalCaddieTests/Info.plist;
				LD_RUNPATH_SEARCH_PATHS = (
					"$(inherited)",
					"@executable_path/Frameworks",
					"@loader_path/Frameworks",
				);
				PRODUCT_BUNDLE_IDENTIFIER = com.67442.PersonalCaddieTests;
				PRODUCT_NAME = "$(TARGET_NAME)";
				SWIFT_VERSION = 4.0;
				TARGETED_DEVICE_FAMILY = "1,2";
				TEST_HOST = "$(BUILT_PRODUCTS_DIR)/PersonalCaddie.app/PersonalCaddie";
			};
			name = Debug;
		};
		97CACB4A219A6A3900D29F01 /* Release */ = {
			isa = XCBuildConfiguration;
			buildSettings = {
				ALWAYS_EMBED_SWIFT_STANDARD_LIBRARIES = YES;
				BUNDLE_LOADER = "$(TEST_HOST)";
				CODE_SIGN_STYLE = Automatic;
				DEVELOPMENT_TEAM = WA5N688T3G;
				INFOPLIST_FILE = PersonalCaddieTests/Info.plist;
				LD_RUNPATH_SEARCH_PATHS = (
					"$(inherited)",
					"@executable_path/Frameworks",
					"@loader_path/Frameworks",
				);
				PRODUCT_BUNDLE_IDENTIFIER = com.67442.PersonalCaddieTests;
				PRODUCT_NAME = "$(TARGET_NAME)";
				SWIFT_VERSION = 4.0;
				TARGETED_DEVICE_FAMILY = "1,2";
				TEST_HOST = "$(BUILT_PRODUCTS_DIR)/PersonalCaddie.app/PersonalCaddie";
			};
			name = Release;
		};
/* End XCBuildConfiguration section */

/* Begin XCConfigurationList section */
		97CACB20219A6A3400D29F01 /* Build configuration list for PBXProject "PersonalCaddie" */ = {
			isa = XCConfigurationList;
			buildConfigurations = (
				97CACB43219A6A3900D29F01 /* Debug */,
				97CACB44219A6A3900D29F01 /* Release */,
			);
			defaultConfigurationIsVisible = 0;
			defaultConfigurationName = Release;
		};
		97CACB45219A6A3900D29F01 /* Build configuration list for PBXNativeTarget "PersonalCaddie" */ = {
			isa = XCConfigurationList;
			buildConfigurations = (
				97CACB46219A6A3900D29F01 /* Debug */,
				97CACB47219A6A3900D29F01 /* Release */,
			);
			defaultConfigurationIsVisible = 0;
			defaultConfigurationName = Release;
		};
		97CACB48219A6A3900D29F01 /* Build configuration list for PBXNativeTarget "PersonalCaddieTests" */ = {
			isa = XCConfigurationList;
			buildConfigurations = (
				97CACB49219A6A3900D29F01 /* Debug */,
				97CACB4A219A6A3900D29F01 /* Release */,
			);
			defaultConfigurationIsVisible = 0;
			defaultConfigurationName = Release;
		};
/* End XCConfigurationList section */

/* Begin XCVersionGroup section */
		97CACB2F219A6A3500D29F01 /* PersonalCaddie.xcdatamodeld */ = {
			isa = XCVersionGroup;
			children = (
				97CACB30219A6A3500D29F01 /* PersonalCaddie.xcdatamodel */,
			);
			currentVersion = 97CACB30219A6A3500D29F01 /* PersonalCaddie.xcdatamodel */;
			path = PersonalCaddie.xcdatamodeld;
			sourceTree = "<group>";
			versionGroupType = wrapper.xcdatamodel;
		};
/* End XCVersionGroup section */
	};
	rootObject = 97CACB1D219A6A3400D29F01 /* Project object */;
}
