// !$*UTF8*$!
{
	archiveVersion = 1;
	classes = {
	};
	objectVersion = 50;
	objects = {

/* Begin PBXBuildFile section */
		20300932A93F00DA14759A85 /* Pods_PersonalCaddie.framework in Frameworks */ = {isa = PBXBuildFile; fileRef = D7A01A1228E05EA0FEC27AF6 /* Pods_PersonalCaddie.framework */; };
		621B59EF6CADEC0304D1E07C /* Pods_PersonalCaddieTests.framework in Frameworks */ = {isa = PBXBuildFile; fileRef = C150C218502919D6F5D27EAA /* Pods_PersonalCaddieTests.framework */; };
		97CACB29219A6A3500D29F01 /* AppDelegate.swift in Sources */ = {isa = PBXBuildFile; fileRef = 97CACB28219A6A3500D29F01 /* AppDelegate.swift */; };
		97CACB2B219A6A3500D29F01 /* ViewController.swift in Sources */ = {isa = PBXBuildFile; fileRef = 97CACB2A219A6A3500D29F01 /* ViewController.swift */; };
		97CACB2E219A6A3500D29F01 /* Main.storyboard in Resources */ = {isa = PBXBuildFile; fileRef = 97CACB2C219A6A3500D29F01 /* Main.storyboard */; };
		97CACB31219A6A3500D29F01 /* PersonalCaddie.xcdatamodeld in Sources */ = {isa = PBXBuildFile; fileRef = 97CACB2F219A6A3500D29F01 /* PersonalCaddie.xcdatamodeld */; };
		97CACB33219A6A3800D29F01 /* Assets.xcassets in Resources */ = {isa = PBXBuildFile; fileRef = 97CACB32219A6A3800D29F01 /* Assets.xcassets */; };
		97CACB36219A6A3800D29F01 /* LaunchScreen.storyboard in Resources */ = {isa = PBXBuildFile; fileRef = 97CACB34219A6A3800D29F01 /* LaunchScreen.storyboard */; };
		97CACB41219A6A3900D29F01 /* PersonalCaddieTests.swift in Sources */ = {isa = PBXBuildFile; fileRef = 97CACB40219A6A3900D29F01 /* PersonalCaddieTests.swift */; };
		97CACB4E219A6DFE00D29F01 /* ScorecardOverview.swift in Sources */ = {isa = PBXBuildFile; fileRef = 97CACB4D219A6DFE00D29F01 /* ScorecardOverview.swift */; };
		97CACB50219A6E3500D29F01 /* ScorecardDetail.swift in Sources */ = {isa = PBXBuildFile; fileRef = 97CACB4F219A6E3500D29F01 /* ScorecardDetail.swift */; };
		97CACB52219A6E4B00D29F01 /* ScorecardHoleDetail.swift in Sources */ = {isa = PBXBuildFile; fileRef = 97CACB51219A6E4B00D29F01 /* ScorecardHoleDetail.swift */; };
		97CACB54219A728200D29F01 /* NetworkClient.swift in Sources */ = {isa = PBXBuildFile; fileRef = 97CACB53219A728200D29F01 /* NetworkClient.swift */; };
		97CACB56219A7E4C00D29F01 /* ScorecardOverviewCollectionViewController.swift in Sources */ = {isa = PBXBuildFile; fileRef = 97CACB55219A7E4C00D29F01 /* ScorecardOverviewCollectionViewController.swift */; };
		97CACB59219A7EC300D29F01 /* ScorecardOverviewCollectionViewCell.swift in Sources */ = {isa = PBXBuildFile; fileRef = 97CACB57219A7EC300D29F01 /* ScorecardOverviewCollectionViewCell.swift */; };
		97CACB5A219A7EC300D29F01 /* ScorecardOverviewCollectionViewCell.xib in Resources */ = {isa = PBXBuildFile; fileRef = 97CACB58219A7EC300D29F01 /* ScorecardOverviewCollectionViewCell.xib */; };
		97CACB5F219A8B0800D29F01 /* ScorecardOverviewViewModel.swift in Sources */ = {isa = PBXBuildFile; fileRef = 97CACB5E219A8B0800D29F01 /* ScorecardOverviewViewModel.swift */; };
		97CACB61219A8CC900D29F01 /* ScorecardParser.swift in Sources */ = {isa = PBXBuildFile; fileRef = 97CACB60219A8CC900D29F01 /* ScorecardParser.swift */; };
		97CACB63219A912A00D29F01 /* ScorecardDetailViewController.swift in Sources */ = {isa = PBXBuildFile; fileRef = 97CACB62219A912A00D29F01 /* ScorecardDetailViewController.swift */; };
		97CACB65219A91F700D29F01 /* ScorecardDetailViewModel.swift in Sources */ = {isa = PBXBuildFile; fileRef = 97CACB64219A91F700D29F01 /* ScorecardDetailViewModel.swift */; };
		97CACB68219B5A3400D29F01 /* ScorecardHoleCell.swift in Sources */ = {isa = PBXBuildFile; fileRef = 97CACB67219B5A3400D29F01 /* ScorecardHoleCell.swift */; };
		97CACB82219BD88B00D29F01 /* ScorecardInputCollectionViewCell.swift in Sources */ = {isa = PBXBuildFile; fileRef = 97CACB80219BD88B00D29F01 /* ScorecardInputCollectionViewCell.swift */; };
		97CACB83219BD88B00D29F01 /* ScorecardInputCollectionViewCell.xib in Resources */ = {isa = PBXBuildFile; fileRef = 97CACB81219BD88B00D29F01 /* ScorecardInputCollectionViewCell.xib */; };
		97CACB85219BD8D000D29F01 /* ClubsViewController.swift in Sources */ = {isa = PBXBuildFile; fileRef = 97CACB84219BD8D000D29F01 /* ClubsViewController.swift */; };
		97CACB87219BDC9100D29F01 /* StrokeInputNavigationViewController.swift in Sources */ = {isa = PBXBuildFile; fileRef = 97CACB86219BDC9100D29F01 /* StrokeInputNavigationViewController.swift */; };
		97CACB89219CD15E00D29F01 /* LocationManager.swift in Sources */ = {isa = PBXBuildFile; fileRef = 97CACB88219CD15E00D29F01 /* LocationManager.swift */; };
		97CACB8B219CF5CF00D29F01 /* NewScorecardViewController.swift in Sources */ = {isa = PBXBuildFile; fileRef = 97CACB8A219CF5CF00D29F01 /* NewScorecardViewController.swift */; };
		97CACB92219D01A000D29F01 /* ScorecardCourseViewController.swift in Sources */ = {isa = PBXBuildFile; fileRef = 97CACB91219D01A000D29F01 /* ScorecardCourseViewController.swift */; };
		97CACB94219D030A00D29F01 /* ScorecardCourseCell.swift in Sources */ = {isa = PBXBuildFile; fileRef = 97CACB93219D030A00D29F01 /* ScorecardCourseCell.swift */; };
		97CACB96219D0F5900D29F01 /* AddScorecardParser.swift in Sources */ = {isa = PBXBuildFile; fileRef = 97CACB95219D0F5900D29F01 /* AddScorecardParser.swift */; };
		97CACB98219D0FAE00D29F01 /* Course.swift in Sources */ = {isa = PBXBuildFile; fileRef = 97CACB97219D0FAE00D29F01 /* Course.swift */; };
		97CACB9D219D291A00D29F01 /* AddScorecardNavigationController.swift in Sources */ = {isa = PBXBuildFile; fileRef = 97CACB9C219D291A00D29F01 /* AddScorecardNavigationController.swift */; };
		97CACB9F219D30E000D29F01 /* Hole.swift in Sources */ = {isa = PBXBuildFile; fileRef = 97CACB9E219D30E000D29F01 /* Hole.swift */; };
		97CACBA1219D319B00D29F01 /* NewScorecardViewModel.swift in Sources */ = {isa = PBXBuildFile; fileRef = 97CACBA0219D319B00D29F01 /* NewScorecardViewModel.swift */; };
		97CACBA5219DF6FC00D29F01 /* Stroke.swift in Sources */ = {isa = PBXBuildFile; fileRef = 97CACBA4219DF6FC00D29F01 /* Stroke.swift */; };
		97CACBA7219DFDD700D29F01 /* StrokeCell.swift in Sources */ = {isa = PBXBuildFile; fileRef = 97CACBA6219DFDD700D29F01 /* StrokeCell.swift */; };
		97CACBA921A5B7C100D29F01 /* FlightTypeViewController.swift in Sources */ = {isa = PBXBuildFile; fileRef = 97CACBA821A5B7C100D29F01 /* FlightTypeViewController.swift */; };
		97CACBAE21A63DA200D29F01 /* LieViewController.swift in Sources */ = {isa = PBXBuildFile; fileRef = 97CACBAD21A63DA200D29F01 /* LieViewController.swift */; };
		97CACBB021A7097300D29F01 /* ContactTypeViewController.swift in Sources */ = {isa = PBXBuildFile; fileRef = 97CACBAF21A7097300D29F01 /* ContactTypeViewController.swift */; };
/* End PBXBuildFile section */

/* Begin PBXContainerItemProxy section */
		97CACB3D219A6A3900D29F01 /* PBXContainerItemProxy */ = {
			isa = PBXContainerItemProxy;
			containerPortal = 97CACB1D219A6A3400D29F01 /* Project object */;
			proxyType = 1;
			remoteGlobalIDString = 97CACB24219A6A3500D29F01;
			remoteInfo = PersonalCaddie;
		};
/* End PBXContainerItemProxy section */

/* Begin PBXFileReference section */
		169FAAE720919085889045F1 /* Pods-PersonalCaddieTests.release.xcconfig */ = {isa = PBXFileReference; includeInIndex = 1; lastKnownFileType = text.xcconfig; name = "Pods-PersonalCaddieTests.release.xcconfig"; path = "Pods/Target Support Files/Pods-PersonalCaddieTests/Pods-PersonalCaddieTests.release.xcconfig"; sourceTree = "<group>"; };
		8B771BDF9A90E086A4784CCB /* Pods-PersonalCaddie.debug.xcconfig */ = {isa = PBXFileReference; includeInIndex = 1; lastKnownFileType = text.xcconfig; name = "Pods-PersonalCaddie.debug.xcconfig"; path = "Pods/Target Support Files/Pods-PersonalCaddie/Pods-PersonalCaddie.debug.xcconfig"; sourceTree = "<group>"; };
		97CACB25219A6A3500D29F01 /* PersonalCaddie.app */ = {isa = PBXFileReference; explicitFileType = wrapper.application; includeInIndex = 0; path = PersonalCaddie.app; sourceTree = BUILT_PRODUCTS_DIR; };
		97CACB28219A6A3500D29F01 /* AppDelegate.swift */ = {isa = PBXFileReference; lastKnownFileType = sourcecode.swift; path = AppDelegate.swift; sourceTree = "<group>"; };
		97CACB2A219A6A3500D29F01 /* ViewController.swift */ = {isa = PBXFileReference; lastKnownFileType = sourcecode.swift; path = ViewController.swift; sourceTree = "<group>"; };
		97CACB2D219A6A3500D29F01 /* Base */ = {isa = PBXFileReference; lastKnownFileType = file.storyboard; name = Base; path = Base.lproj/Main.storyboard; sourceTree = "<group>"; };
		97CACB30219A6A3500D29F01 /* PersonalCaddie.xcdatamodel */ = {isa = PBXFileReference; lastKnownFileType = wrapper.xcdatamodel; path = PersonalCaddie.xcdatamodel; sourceTree = "<group>"; };
		97CACB32219A6A3800D29F01 /* Assets.xcassets */ = {isa = PBXFileReference; lastKnownFileType = folder.assetcatalog; path = Assets.xcassets; sourceTree = "<group>"; };
		97CACB35219A6A3800D29F01 /* Base */ = {isa = PBXFileReference; lastKnownFileType = file.storyboard; name = Base; path = Base.lproj/LaunchScreen.storyboard; sourceTree = "<group>"; };
		97CACB37219A6A3800D29F01 /* Info.plist */ = {isa = PBXFileReference; lastKnownFileType = text.plist.xml; path = Info.plist; sourceTree = "<group>"; };
		97CACB3C219A6A3900D29F01 /* PersonalCaddieTests.xctest */ = {isa = PBXFileReference; explicitFileType = wrapper.cfbundle; includeInIndex = 0; path = PersonalCaddieTests.xctest; sourceTree = BUILT_PRODUCTS_DIR; };
		97CACB40219A6A3900D29F01 /* PersonalCaddieTests.swift */ = {isa = PBXFileReference; lastKnownFileType = sourcecode.swift; path = PersonalCaddieTests.swift; sourceTree = "<group>"; };
		97CACB42219A6A3900D29F01 /* Info.plist */ = {isa = PBXFileReference; lastKnownFileType = text.plist.xml; path = Info.plist; sourceTree = "<group>"; };
		97CACB4D219A6DFE00D29F01 /* ScorecardOverview.swift */ = {isa = PBXFileReference; lastKnownFileType = sourcecode.swift; path = ScorecardOverview.swift; sourceTree = "<group>"; };
		97CACB4F219A6E3500D29F01 /* ScorecardDetail.swift */ = {isa = PBXFileReference; lastKnownFileType = sourcecode.swift; path = ScorecardDetail.swift; sourceTree = "<group>"; };
		97CACB51219A6E4B00D29F01 /* ScorecardHoleDetail.swift */ = {isa = PBXFileReference; lastKnownFileType = sourcecode.swift; path = ScorecardHoleDetail.swift; sourceTree = "<group>"; };
		97CACB53219A728200D29F01 /* NetworkClient.swift */ = {isa = PBXFileReference; lastKnownFileType = sourcecode.swift; path = NetworkClient.swift; sourceTree = "<group>"; };
		97CACB55219A7E4C00D29F01 /* ScorecardOverviewCollectionViewController.swift */ = {isa = PBXFileReference; lastKnownFileType = sourcecode.swift; path = ScorecardOverviewCollectionViewController.swift; sourceTree = "<group>"; };
		97CACB57219A7EC300D29F01 /* ScorecardOverviewCollectionViewCell.swift */ = {isa = PBXFileReference; lastKnownFileType = sourcecode.swift; path = ScorecardOverviewCollectionViewCell.swift; sourceTree = "<group>"; };
		97CACB58219A7EC300D29F01 /* ScorecardOverviewCollectionViewCell.xib */ = {isa = PBXFileReference; lastKnownFileType = file.xib; path = ScorecardOverviewCollectionViewCell.xib; sourceTree = "<group>"; };
		97CACB5E219A8B0800D29F01 /* ScorecardOverviewViewModel.swift */ = {isa = PBXFileReference; lastKnownFileType = sourcecode.swift; path = ScorecardOverviewViewModel.swift; sourceTree = "<group>"; };
		97CACB60219A8CC900D29F01 /* ScorecardParser.swift */ = {isa = PBXFileReference; lastKnownFileType = sourcecode.swift; path = ScorecardParser.swift; sourceTree = "<group>"; };
		97CACB62219A912A00D29F01 /* ScorecardDetailViewController.swift */ = {isa = PBXFileReference; lastKnownFileType = sourcecode.swift; path = ScorecardDetailViewController.swift; sourceTree = "<group>"; };
		97CACB64219A91F700D29F01 /* ScorecardDetailViewModel.swift */ = {isa = PBXFileReference; lastKnownFileType = sourcecode.swift; path = ScorecardDetailViewModel.swift; sourceTree = "<group>"; };
		97CACB67219B5A3400D29F01 /* ScorecardHoleCell.swift */ = {isa = PBXFileReference; lastKnownFileType = sourcecode.swift; path = ScorecardHoleCell.swift; sourceTree = "<group>"; };
		97CACB80219BD88B00D29F01 /* ScorecardInputCollectionViewCell.swift */ = {isa = PBXFileReference; lastKnownFileType = sourcecode.swift; path = ScorecardInputCollectionViewCell.swift; sourceTree = "<group>"; };
		97CACB81219BD88B00D29F01 /* ScorecardInputCollectionViewCell.xib */ = {isa = PBXFileReference; lastKnownFileType = file.xib; path = ScorecardInputCollectionViewCell.xib; sourceTree = "<group>"; };
		97CACB84219BD8D000D29F01 /* ClubsViewController.swift */ = {isa = PBXFileReference; lastKnownFileType = sourcecode.swift; path = ClubsViewController.swift; sourceTree = "<group>"; };
		97CACB86219BDC9100D29F01 /* StrokeInputNavigationViewController.swift */ = {isa = PBXFileReference; lastKnownFileType = sourcecode.swift; path = StrokeInputNavigationViewController.swift; sourceTree = "<group>"; };
		97CACB88219CD15E00D29F01 /* LocationManager.swift */ = {isa = PBXFileReference; lastKnownFileType = sourcecode.swift; path = LocationManager.swift; sourceTree = "<group>"; };
		97CACB8A219CF5CF00D29F01 /* NewScorecardViewController.swift */ = {isa = PBXFileReference; lastKnownFileType = sourcecode.swift; path = NewScorecardViewController.swift; sourceTree = "<group>"; };
		97CACB91219D01A000D29F01 /* ScorecardCourseViewController.swift */ = {isa = PBXFileReference; lastKnownFileType = sourcecode.swift; path = ScorecardCourseViewController.swift; sourceTree = "<group>"; };
		97CACB93219D030A00D29F01 /* ScorecardCourseCell.swift */ = {isa = PBXFileReference; lastKnownFileType = sourcecode.swift; path = ScorecardCourseCell.swift; sourceTree = "<group>"; };
		97CACB95219D0F5900D29F01 /* AddScorecardParser.swift */ = {isa = PBXFileReference; lastKnownFileType = sourcecode.swift; path = AddScorecardParser.swift; sourceTree = "<group>"; };
		97CACB97219D0FAE00D29F01 /* Course.swift */ = {isa = PBXFileReference; lastKnownFileType = sourcecode.swift; path = Course.swift; sourceTree = "<group>"; };
		97CACB9C219D291A00D29F01 /* AddScorecardNavigationController.swift */ = {isa = PBXFileReference; lastKnownFileType = sourcecode.swift; path = AddScorecardNavigationController.swift; sourceTree = "<group>"; };
		97CACB9E219D30E000D29F01 /* Hole.swift */ = {isa = PBXFileReference; lastKnownFileType = sourcecode.swift; path = Hole.swift; sourceTree = "<group>"; };
		97CACBA0219D319B00D29F01 /* NewScorecardViewModel.swift */ = {isa = PBXFileReference; lastKnownFileType = sourcecode.swift; path = NewScorecardViewModel.swift; sourceTree = "<group>"; };
		97CACBA4219DF6FC00D29F01 /* Stroke.swift */ = {isa = PBXFileReference; lastKnownFileType = sourcecode.swift; path = Stroke.swift; sourceTree = "<group>"; };
		97CACBA6219DFDD700D29F01 /* StrokeCell.swift */ = {isa = PBXFileReference; lastKnownFileType = sourcecode.swift; path = StrokeCell.swift; sourceTree = "<group>"; };
		97CACBA821A5B7C100D29F01 /* FlightTypeViewController.swift */ = {isa = PBXFileReference; lastKnownFileType = sourcecode.swift; path = FlightTypeViewController.swift; sourceTree = "<group>"; };
		97CACBAD21A63DA200D29F01 /* LieViewController.swift */ = {isa = PBXFileReference; lastKnownFileType = sourcecode.swift; path = LieViewController.swift; sourceTree = "<group>"; };
		97CACBAF21A7097300D29F01 /* ContactTypeViewController.swift */ = {isa = PBXFileReference; lastKnownFileType = sourcecode.swift; path = ContactTypeViewController.swift; sourceTree = "<group>"; };
		A3878D15BBA53AA25AE1FE1A /* Pods-PersonalCaddie.release.xcconfig */ = {isa = PBXFileReference; includeInIndex = 1; lastKnownFileType = text.xcconfig; name = "Pods-PersonalCaddie.release.xcconfig"; path = "Pods/Target Support Files/Pods-PersonalCaddie/Pods-PersonalCaddie.release.xcconfig"; sourceTree = "<group>"; };
		C150C218502919D6F5D27EAA /* Pods_PersonalCaddieTests.framework */ = {isa = PBXFileReference; explicitFileType = wrapper.framework; includeInIndex = 0; path = Pods_PersonalCaddieTests.framework; sourceTree = BUILT_PRODUCTS_DIR; };
		D7A01A1228E05EA0FEC27AF6 /* Pods_PersonalCaddie.framework */ = {isa = PBXFileReference; explicitFileType = wrapper.framework; includeInIndex = 0; path = Pods_PersonalCaddie.framework; sourceTree = BUILT_PRODUCTS_DIR; };
		F4937972F1C1BBF814EEF6B0 /* Pods-PersonalCaddieTests.debug.xcconfig */ = {isa = PBXFileReference; includeInIndex = 1; lastKnownFileType = text.xcconfig; name = "Pods-PersonalCaddieTests.debug.xcconfig"; path = "Pods/Target Support Files/Pods-PersonalCaddieTests/Pods-PersonalCaddieTests.debug.xcconfig"; sourceTree = "<group>"; };
/* End PBXFileReference section */

/* Begin PBXFrameworksBuildPhase section */
		97CACB22219A6A3500D29F01 /* Frameworks */ = {
			isa = PBXFrameworksBuildPhase;
			buildActionMask = 2147483647;
			files = (
				20300932A93F00DA14759A85 /* Pods_PersonalCaddie.framework in Frameworks */,
			);
			runOnlyForDeploymentPostprocessing = 0;
		};
		97CACB39219A6A3900D29F01 /* Frameworks */ = {
			isa = PBXFrameworksBuildPhase;
			buildActionMask = 2147483647;
			files = (
				621B59EF6CADEC0304D1E07C /* Pods_PersonalCaddieTests.framework in Frameworks */,
			);
			runOnlyForDeploymentPostprocessing = 0;
		};
/* End PBXFrameworksBuildPhase section */

/* Begin PBXGroup section */
		1A7F9D8B5B8D24FAFE20E398 /* Pods */ = {
			isa = PBXGroup;
			children = (
				8B771BDF9A90E086A4784CCB /* Pods-PersonalCaddie.debug.xcconfig */,
				A3878D15BBA53AA25AE1FE1A /* Pods-PersonalCaddie.release.xcconfig */,
				F4937972F1C1BBF814EEF6B0 /* Pods-PersonalCaddieTests.debug.xcconfig */,
				169FAAE720919085889045F1 /* Pods-PersonalCaddieTests.release.xcconfig */,
			);
			name = Pods;
			sourceTree = "<group>";
		};
		97CACB1C219A6A3400D29F01 = {
			isa = PBXGroup;
			children = (
				97CACB27219A6A3500D29F01 /* PersonalCaddie */,
				97CACB3F219A6A3900D29F01 /* PersonalCaddieTests */,
				97CACB26219A6A3500D29F01 /* Products */,
				1A7F9D8B5B8D24FAFE20E398 /* Pods */,
				C5D6FAA3DF3D4A3308E6509F /* Frameworks */,
			);
			sourceTree = "<group>";
		};
		97CACB26219A6A3500D29F01 /* Products */ = {
			isa = PBXGroup;
			children = (
				97CACB25219A6A3500D29F01 /* PersonalCaddie.app */,
				97CACB3C219A6A3900D29F01 /* PersonalCaddieTests.xctest */,
			);
			name = Products;
			sourceTree = "<group>";
		};
		97CACB27219A6A3500D29F01 /* PersonalCaddie */ = {
			isa = PBXGroup;
			children = (
				97CACB53219A728200D29F01 /* NetworkClient.swift */,
				97CACB7F219BD85900D29F01 /* Add Scorecard */,
				97CACB4B219A6D4300D29F01 /* Scorecards */,
				97CACB28219A6A3500D29F01 /* AppDelegate.swift */,
				97CACB2A219A6A3500D29F01 /* ViewController.swift */,
				97CACB2C219A6A3500D29F01 /* Main.storyboard */,
				97CACB32219A6A3800D29F01 /* Assets.xcassets */,
				97CACB34219A6A3800D29F01 /* LaunchScreen.storyboard */,
				97CACB37219A6A3800D29F01 /* Info.plist */,
				97CACB2F219A6A3500D29F01 /* PersonalCaddie.xcdatamodeld */,
			);
			path = PersonalCaddie;
			sourceTree = "<group>";
		};
		97CACB3F219A6A3900D29F01 /* PersonalCaddieTests */ = {
			isa = PBXGroup;
			children = (
				97CACB40219A6A3900D29F01 /* PersonalCaddieTests.swift */,
				97CACB42219A6A3900D29F01 /* Info.plist */,
			);
			path = PersonalCaddieTests;
			sourceTree = "<group>";
		};
		97CACB4B219A6D4300D29F01 /* Scorecards */ = {
			isa = PBXGroup;
			children = (
				97CACB69219B984900D29F01 /* Parsers */,
				97CACB66219B58AD00D29F01 /* ViewModels */,
				97CACB5D219A7EEE00D29F01 /* Nibs */,
				97CACB5B219A7ED100D29F01 /* ViewControllers */,
				97CACB4C219A6D6D00D29F01 /* Models */,
			);
			path = Scorecards;
			sourceTree = "<group>";
		};
		97CACB4C219A6D6D00D29F01 /* Models */ = {
			isa = PBXGroup;
			children = (
				97CACB4D219A6DFE00D29F01 /* ScorecardOverview.swift */,
				97CACB4F219A6E3500D29F01 /* ScorecardDetail.swift */,
				97CACB51219A6E4B00D29F01 /* ScorecardHoleDetail.swift */,
				97CACB67219B5A3400D29F01 /* ScorecardHoleCell.swift */,
			);
			path = Models;
			sourceTree = "<group>";
		};
		97CACB5B219A7ED100D29F01 /* ViewControllers */ = {
			isa = PBXGroup;
			children = (
				97CACB55219A7E4C00D29F01 /* ScorecardOverviewCollectionViewController.swift */,
				97CACB62219A912A00D29F01 /* ScorecardDetailViewController.swift */,
			);
			path = ViewControllers;
			sourceTree = "<group>";
		};
		97CACB5D219A7EEE00D29F01 /* Nibs */ = {
			isa = PBXGroup;
			children = (
				97CACB57219A7EC300D29F01 /* ScorecardOverviewCollectionViewCell.swift */,
				97CACB58219A7EC300D29F01 /* ScorecardOverviewCollectionViewCell.xib */,
			);
			path = Nibs;
			sourceTree = "<group>";
		};
		97CACB66219B58AD00D29F01 /* ViewModels */ = {
			isa = PBXGroup;
			children = (
				97CACB5E219A8B0800D29F01 /* ScorecardOverviewViewModel.swift */,
				97CACB64219A91F700D29F01 /* ScorecardDetailViewModel.swift */,
			);
			path = ViewModels;
			sourceTree = "<group>";
		};
		97CACB69219B984900D29F01 /* Parsers */ = {
			isa = PBXGroup;
			children = (
				97CACB60219A8CC900D29F01 /* ScorecardParser.swift */,
			);
			path = Parsers;
			sourceTree = "<group>";
		};
		97CACB7F219BD85900D29F01 /* Add Scorecard */ = {
			isa = PBXGroup;
			children = (
				97CACB8E219D013200D29F01 /* NavigationControllers */,
				97CACB8C219D011F00D29F01 /* ViewControllers */,
				97CACB9B219D13AC00D29F01 /* ViewModels */,
				97CACB90219D015800D29F01 /* Models */,
				97CACB8F219D014800D29F01 /* Nibs */,
				97CACB88219CD15E00D29F01 /* LocationManager.swift */,
				97CACB95219D0F5900D29F01 /* AddScorecardParser.swift */,
			);
			path = "Add Scorecard";
			sourceTree = "<group>";
		};
		97CACB8C219D011F00D29F01 /* ViewControllers */ = {
			isa = PBXGroup;
			children = (
				97CACBAA21A5B7CE00D29F01 /* StrokeDescription */,
				97CACB91219D01A000D29F01 /* ScorecardCourseViewController.swift */,
				97CACB8A219CF5CF00D29F01 /* NewScorecardViewController.swift */,
			);
			path = ViewControllers;
			sourceTree = "<group>";
		};
		97CACB8E219D013200D29F01 /* NavigationControllers */ = {
			isa = PBXGroup;
			children = (
				97CACB86219BDC9100D29F01 /* StrokeInputNavigationViewController.swift */,
				97CACB9C219D291A00D29F01 /* AddScorecardNavigationController.swift */,
			);
			path = NavigationControllers;
			sourceTree = "<group>";
		};
		97CACB8F219D014800D29F01 /* Nibs */ = {
			isa = PBXGroup;
			children = (
				97CACB80219BD88B00D29F01 /* ScorecardInputCollectionViewCell.swift */,
				97CACB81219BD88B00D29F01 /* ScorecardInputCollectionViewCell.xib */,
			);
			path = Nibs;
			sourceTree = "<group>";
		};
		97CACB90219D015800D29F01 /* Models */ = {
			isa = PBXGroup;
			children = (
				97CACB93219D030A00D29F01 /* ScorecardCourseCell.swift */,
				97CACB9E219D30E000D29F01 /* Hole.swift */,
				97CACB97219D0FAE00D29F01 /* Course.swift */,
				97CACBA4219DF6FC00D29F01 /* Stroke.swift */,
				97CACBA6219DFDD700D29F01 /* StrokeCell.swift */,
			);
			path = Models;
			sourceTree = "<group>";
		};
		97CACB9B219D13AC00D29F01 /* ViewModels */ = {
			isa = PBXGroup;
			children = (
				97CACBA0219D319B00D29F01 /* NewScorecardViewModel.swift */,
			);
			path = ViewModels;
			sourceTree = "<group>";
		};
		97CACBAA21A5B7CE00D29F01 /* StrokeDescription */ = {
			isa = PBXGroup;
			children = (
				97CACB84219BD8D000D29F01 /* ClubsViewController.swift */,
				97CACBA821A5B7C100D29F01 /* FlightTypeViewController.swift */,
				97CACBAD21A63DA200D29F01 /* LieViewController.swift */,
				97CACBAF21A7097300D29F01 /* ContactTypeViewController.swift */,
			);
			path = StrokeDescription;
			sourceTree = "<group>";
		};
		C5D6FAA3DF3D4A3308E6509F /* Frameworks */ = {
			isa = PBXGroup;
			children = (
				D7A01A1228E05EA0FEC27AF6 /* Pods_PersonalCaddie.framework */,
				C150C218502919D6F5D27EAA /* Pods_PersonalCaddieTests.framework */,
			);
			name = Frameworks;
			sourceTree = "<group>";
		};
/* End PBXGroup section */

/* Begin PBXNativeTarget section */
		97CACB24219A6A3500D29F01 /* PersonalCaddie */ = {
			isa = PBXNativeTarget;
			buildConfigurationList = 97CACB45219A6A3900D29F01 /* Build configuration list for PBXNativeTarget "PersonalCaddie" */;
			buildPhases = (
				6E5E11BE074C8EED1EB8056F /* [CP] Check Pods Manifest.lock */,
				97CACB21219A6A3500D29F01 /* Sources */,
				97CACB22219A6A3500D29F01 /* Frameworks */,
				97CACB23219A6A3500D29F01 /* Resources */,
				C3965768B5165F6CA8DE0C3B /* [CP] Embed Pods Frameworks */,
				16C5FA40DC50414079ECD775 /* [CP] Copy Pods Resources */,
			);
			buildRules = (
			);
			dependencies = (
			);
			name = PersonalCaddie;
			productName = PersonalCaddie;
			productReference = 97CACB25219A6A3500D29F01 /* PersonalCaddie.app */;
			productType = "com.apple.product-type.application";
		};
		97CACB3B219A6A3900D29F01 /* PersonalCaddieTests */ = {
			isa = PBXNativeTarget;
			buildConfigurationList = 97CACB48219A6A3900D29F01 /* Build configuration list for PBXNativeTarget "PersonalCaddieTests" */;
			buildPhases = (
				54DE63DF690EC4C16A984B6B /* [CP] Check Pods Manifest.lock */,
				97CACB38219A6A3900D29F01 /* Sources */,
				97CACB39219A6A3900D29F01 /* Frameworks */,
				97CACB3A219A6A3900D29F01 /* Resources */,
				FEE1836698199B6BA85F171E /* [CP] Embed Pods Frameworks */,
				F66C4BB32C2DC3FF8BB115F0 /* [CP] Copy Pods Resources */,
			);
			buildRules = (
			);
			dependencies = (
				97CACB3E219A6A3900D29F01 /* PBXTargetDependency */,
			);
			name = PersonalCaddieTests;
			productName = PersonalCaddieTests;
			productReference = 97CACB3C219A6A3900D29F01 /* PersonalCaddieTests.xctest */;
			productType = "com.apple.product-type.bundle.unit-test";
		};
/* End PBXNativeTarget section */

/* Begin PBXProject section */
		97CACB1D219A6A3400D29F01 /* Project object */ = {
			isa = PBXProject;
			attributes = {
				LastSwiftUpdateCheck = 0940;
				LastUpgradeCheck = 0940;
				ORGANIZATIONNAME = 67442;
				TargetAttributes = {
					97CACB24219A6A3500D29F01 = {
						CreatedOnToolsVersion = 9.4.1;
					};
					97CACB3B219A6A3900D29F01 = {
						CreatedOnToolsVersion = 9.4.1;
						TestTargetID = 97CACB24219A6A3500D29F01;
					};
				};
			};
			buildConfigurationList = 97CACB20219A6A3400D29F01 /* Build configuration list for PBXProject "PersonalCaddie" */;
			compatibilityVersion = "Xcode 9.3";
			developmentRegion = en;
			hasScannedForEncodings = 0;
			knownRegions = (
				en,
				Base,
			);
			mainGroup = 97CACB1C219A6A3400D29F01;
			productRefGroup = 97CACB26219A6A3500D29F01 /* Products */;
			projectDirPath = "";
			projectRoot = "";
			targets = (
				97CACB24219A6A3500D29F01 /* PersonalCaddie */,
				97CACB3B219A6A3900D29F01 /* PersonalCaddieTests */,
			);
		};
/* End PBXProject section */

/* Begin PBXResourcesBuildPhase section */
		97CACB23219A6A3500D29F01 /* Resources */ = {
			isa = PBXResourcesBuildPhase;
			buildActionMask = 2147483647;
			files = (
				97CACB5A219A7EC300D29F01 /* ScorecardOverviewCollectionViewCell.xib in Resources */,
				97CACB36219A6A3800D29F01 /* LaunchScreen.storyboard in Resources */,
				97CACB33219A6A3800D29F01 /* Assets.xcassets in Resources */,
				97CACB2E219A6A3500D29F01 /* Main.storyboard in Resources */,
				97CACB83219BD88B00D29F01 /* ScorecardInputCollectionViewCell.xib in Resources */,
			);
			runOnlyForDeploymentPostprocessing = 0;
		};
		97CACB3A219A6A3900D29F01 /* Resources */ = {
			isa = PBXResourcesBuildPhase;
			buildActionMask = 2147483647;
			files = (
			);
			runOnlyForDeploymentPostprocessing = 0;
		};
/* End PBXResourcesBuildPhase section */

/* Begin PBXShellScriptBuildPhase section */
		16C5FA40DC50414079ECD775 /* [CP] Copy Pods Resources */ = {
			isa = PBXShellScriptBuildPhase;
			buildActionMask = 2147483647;
			files = (
			);
			inputPaths = (
				"${SRCROOT}/Pods/Target Support Files/Pods-PersonalCaddie/Pods-PersonalCaddie-resources.sh",
				"${PODS_ROOT}/GoogleSignIn/Resources/GoogleSignIn.bundle",
			);
			name = "[CP] Copy Pods Resources";
			outputPaths = (
				"${TARGET_BUILD_DIR}/${UNLOCALIZED_RESOURCES_FOLDER_PATH}/GoogleSignIn.bundle",
			);
			runOnlyForDeploymentPostprocessing = 0;
			shellPath = /bin/sh;
			shellScript = "\"${SRCROOT}/Pods/Target Support Files/Pods-PersonalCaddie/Pods-PersonalCaddie-resources.sh\"\n";
			showEnvVarsInLog = 0;
		};
		54DE63DF690EC4C16A984B6B /* [CP] Check Pods Manifest.lock */ = {
			isa = PBXShellScriptBuildPhase;
			buildActionMask = 2147483647;
			files = (
			);
			inputPaths = (
				"${PODS_PODFILE_DIR_PATH}/Podfile.lock",
				"${PODS_ROOT}/Manifest.lock",
			);
			name = "[CP] Check Pods Manifest.lock";
			outputPaths = (
				"$(DERIVED_FILE_DIR)/Pods-PersonalCaddieTests-checkManifestLockResult.txt",
			);
			runOnlyForDeploymentPostprocessing = 0;
			shellPath = /bin/sh;
			shellScript = "diff \"${PODS_PODFILE_DIR_PATH}/Podfile.lock\" \"${PODS_ROOT}/Manifest.lock\" > /dev/null\nif [ $? != 0 ] ; then\n    # print error to STDERR\n    echo \"error: The sandbox is not in sync with the Podfile.lock. Run 'pod install' or update your CocoaPods installation.\" >&2\n    exit 1\nfi\n# This output is used by Xcode 'outputs' to avoid re-running this script phase.\necho \"SUCCESS\" > \"${SCRIPT_OUTPUT_FILE_0}\"\n";
			showEnvVarsInLog = 0;
		};
		6E5E11BE074C8EED1EB8056F /* [CP] Check Pods Manifest.lock */ = {
			isa = PBXShellScriptBuildPhase;
			buildActionMask = 2147483647;
			files = (
			);
			inputPaths = (
				"${PODS_PODFILE_DIR_PATH}/Podfile.lock",
				"${PODS_ROOT}/Manifest.lock",
			);
			name = "[CP] Check Pods Manifest.lock";
			outputPaths = (
				"$(DERIVED_FILE_DIR)/Pods-PersonalCaddie-checkManifestLockResult.txt",
			);
			runOnlyForDeploymentPostprocessing = 0;
			shellPath = /bin/sh;
			shellScript = "diff \"${PODS_PODFILE_DIR_PATH}/Podfile.lock\" \"${PODS_ROOT}/Manifest.lock\" > /dev/null\nif [ $? != 0 ] ; then\n    # print error to STDERR\n    echo \"error: The sandbox is not in sync with the Podfile.lock. Run 'pod install' or update your CocoaPods installation.\" >&2\n    exit 1\nfi\n# This output is used by Xcode 'outputs' to avoid re-running this script phase.\necho \"SUCCESS\" > \"${SCRIPT_OUTPUT_FILE_0}\"\n";
			showEnvVarsInLog = 0;
		};
		C3965768B5165F6CA8DE0C3B /* [CP] Embed Pods Frameworks */ = {
			isa = PBXShellScriptBuildPhase;
			buildActionMask = 2147483647;
			files = (
			);
			inputPaths = (
				"${SRCROOT}/Pods/Target Support Files/Pods-PersonalCaddie/Pods-PersonalCaddie-frameworks.sh",
				"${BUILT_PRODUCTS_DIR}/Alamofire/Alamofire.framework",
				"${BUILT_PRODUCTS_DIR}/GTMOAuth2/GTMOAuth2.framework",
				"${BUILT_PRODUCTS_DIR}/GTMSessionFetcher/GTMSessionFetcher.framework",
				"${BUILT_PRODUCTS_DIR}/GoogleToolboxForMac/GoogleToolboxForMac.framework",
				"${BUILT_PRODUCTS_DIR}/SwiftyJSON/SwiftyJSON.framework",
			);
			name = "[CP] Embed Pods Frameworks";
			outputPaths = (
				"${TARGET_BUILD_DIR}/${FRAMEWORKS_FOLDER_PATH}/Alamofire.framework",
				"${TARGET_BUILD_DIR}/${FRAMEWORKS_FOLDER_PATH}/GTMOAuth2.framework",
				"${TARGET_BUILD_DIR}/${FRAMEWORKS_FOLDER_PATH}/GTMSessionFetcher.framework",
				"${TARGET_BUILD_DIR}/${FRAMEWORKS_FOLDER_PATH}/GoogleToolboxForMac.framework",
				"${TARGET_BUILD_DIR}/${FRAMEWORKS_FOLDER_PATH}/SwiftyJSON.framework",
			);
			runOnlyForDeploymentPostprocessing = 0;
			shellPath = /bin/sh;
			shellScript = "\"${SRCROOT}/Pods/Target Support Files/Pods-PersonalCaddie/Pods-PersonalCaddie-frameworks.sh\"\n";
			showEnvVarsInLog = 0;
		};
		F66C4BB32C2DC3FF8BB115F0 /* [CP] Copy Pods Resources */ = {
			isa = PBXShellScriptBuildPhase;
			buildActionMask = 2147483647;
			files = (
			);
			inputPaths = (
				"${SRCROOT}/Pods/Target Support Files/Pods-PersonalCaddieTests/Pods-PersonalCaddieTests-resources.sh",
				"${PODS_ROOT}/GoogleSignIn/Resources/GoogleSignIn.bundle",
			);
			name = "[CP] Copy Pods Resources";
			outputPaths = (
				"${TARGET_BUILD_DIR}/${UNLOCALIZED_RESOURCES_FOLDER_PATH}/GoogleSignIn.bundle",
			);
			runOnlyForDeploymentPostprocessing = 0;
			shellPath = /bin/sh;
			shellScript = "\"${SRCROOT}/Pods/Target Support Files/Pods-PersonalCaddieTests/Pods-PersonalCaddieTests-resources.sh\"\n";
			showEnvVarsInLog = 0;
		};
		FEE1836698199B6BA85F171E /* [CP] Embed Pods Frameworks */ = {
			isa = PBXShellScriptBuildPhase;
			buildActionMask = 2147483647;
			files = (
			);
			inputPaths = (
				"${SRCROOT}/Pods/Target Support Files/Pods-PersonalCaddieTests/Pods-PersonalCaddieTests-frameworks.sh",
				"${BUILT_PRODUCTS_DIR}/Alamofire/Alamofire.framework",
				"${BUILT_PRODUCTS_DIR}/GTMOAuth2/GTMOAuth2.framework",
				"${BUILT_PRODUCTS_DIR}/GTMSessionFetcher/GTMSessionFetcher.framework",
				"${BUILT_PRODUCTS_DIR}/GoogleToolboxForMac/GoogleToolboxForMac.framework",
				"${BUILT_PRODUCTS_DIR}/SwiftyJSON/SwiftyJSON.framework",
			);
			name = "[CP] Embed Pods Frameworks";
			outputPaths = (
				"${TARGET_BUILD_DIR}/${FRAMEWORKS_FOLDER_PATH}/Alamofire.framework",
				"${TARGET_BUILD_DIR}/${FRAMEWORKS_FOLDER_PATH}/GTMOAuth2.framework",
				"${TARGET_BUILD_DIR}/${FRAMEWORKS_FOLDER_PATH}/GTMSessionFetcher.framework",
				"${TARGET_BUILD_DIR}/${FRAMEWORKS_FOLDER_PATH}/GoogleToolboxForMac.framework",
				"${TARGET_BUILD_DIR}/${FRAMEWORKS_FOLDER_PATH}/SwiftyJSON.framework",
			);
			runOnlyForDeploymentPostprocessing = 0;
			shellPath = /bin/sh;
			shellScript = "\"${SRCROOT}/Pods/Target Support Files/Pods-PersonalCaddieTests/Pods-PersonalCaddieTests-frameworks.sh\"\n";
			showEnvVarsInLog = 0;
		};
/* End PBXShellScriptBuildPhase section */

/* Begin PBXSourcesBuildPhase section */
		97CACB21219A6A3500D29F01 /* Sources */ = {
			isa = PBXSourcesBuildPhase;
			buildActionMask = 2147483647;
			files = (
				97CACB82219BD88B00D29F01 /* ScorecardInputCollectionViewCell.swift in Sources */,
				97CACB5F219A8B0800D29F01 /* ScorecardOverviewViewModel.swift in Sources */,
				97CACB2B219A6A3500D29F01 /* ViewController.swift in Sources */,
				97CACBA7219DFDD700D29F01 /* StrokeCell.swift in Sources */,
				97CACB68219B5A3400D29F01 /* ScorecardHoleCell.swift in Sources */,
				97CACB63219A912A00D29F01 /* ScorecardDetailViewController.swift in Sources */,
				97CACB52219A6E4B00D29F01 /* ScorecardHoleDetail.swift in Sources */,
				97CACB9D219D291A00D29F01 /* AddScorecardNavigationController.swift in Sources */,
				97CACB56219A7E4C00D29F01 /* ScorecardOverviewCollectionViewController.swift in Sources */,
				97CACB61219A8CC900D29F01 /* ScorecardParser.swift in Sources */,
				97CACBAE21A63DA200D29F01 /* LieViewController.swift in Sources */,
				97CACB92219D01A000D29F01 /* ScorecardCourseViewController.swift in Sources */,
				97CACB89219CD15E00D29F01 /* LocationManager.swift in Sources */,
				97CACB29219A6A3500D29F01 /* AppDelegate.swift in Sources */,
				97CACBB021A7097300D29F01 /* ContactTypeViewController.swift in Sources */,
				97CACB31219A6A3500D29F01 /* PersonalCaddie.xcdatamodeld in Sources */,
				97CACBA921A5B7C100D29F01 /* FlightTypeViewController.swift in Sources */,
				97CACB94219D030A00D29F01 /* ScorecardCourseCell.swift in Sources */,
				97CACB54219A728200D29F01 /* NetworkClient.swift in Sources */,
				97CACB8B219CF5CF00D29F01 /* NewScorecardViewController.swift in Sources */,
				97CACB87219BDC9100D29F01 /* StrokeInputNavigationViewController.swift in Sources */,
				97CACB59219A7EC300D29F01 /* ScorecardOverviewCollectionViewCell.swift in Sources */,
				97CACB96219D0F5900D29F01 /* AddScorecardParser.swift in Sources */,
				97CACB85219BD8D000D29F01 /* ClubsViewController.swift in Sources */,
				97CACBA1219D319B00D29F01 /* NewScorecardViewModel.swift in Sources */,
				97CACB50219A6E3500D29F01 /* ScorecardDetail.swift in Sources */,
				97CACB65219A91F700D29F01 /* ScorecardDetailViewModel.swift in Sources */,
				97CACB9F219D30E000D29F01 /* Hole.swift in Sources */,
				97CACBA5219DF6FC00D29F01 /* Stroke.swift in Sources */,
				97CACB4E219A6DFE00D29F01 /* ScorecardOverview.swift in Sources */,
				97CACB98219D0FAE00D29F01 /* Course.swift in Sources */,
			);
			runOnlyForDeploymentPostprocessing = 0;
		};
		97CACB38219A6A3900D29F01 /* Sources */ = {
			isa = PBXSourcesBuildPhase;
			buildActionMask = 2147483647;
			files = (
				97CACB41219A6A3900D29F01 /* PersonalCaddieTests.swift in Sources */,
			);
			runOnlyForDeploymentPostprocessing = 0;
		};
/* End PBXSourcesBuildPhase section */

/* Begin PBXTargetDependency section */
		97CACB3E219A6A3900D29F01 /* PBXTargetDependency */ = {
			isa = PBXTargetDependency;
			target = 97CACB24219A6A3500D29F01 /* PersonalCaddie */;
			targetProxy = 97CACB3D219A6A3900D29F01 /* PBXContainerItemProxy */;
		};
/* End PBXTargetDependency section */

/* Begin PBXVariantGroup section */
		97CACB2C219A6A3500D29F01 /* Main.storyboard */ = {
			isa = PBXVariantGroup;
			children = (
				97CACB2D219A6A3500D29F01 /* Base */,
			);
			name = Main.storyboard;
			sourceTree = "<group>";
		};
		97CACB34219A6A3800D29F01 /* LaunchScreen.storyboard */ = {
			isa = PBXVariantGroup;
			children = (
				97CACB35219A6A3800D29F01 /* Base */,
			);
			name = LaunchScreen.storyboard;
			sourceTree = "<group>";
		};
/* End PBXVariantGroup section */

/* Begin XCBuildConfiguration section */
		97CACB43219A6A3900D29F01 /* Debug */ = {
			isa = XCBuildConfiguration;
			buildSettings = {
				ALWAYS_SEARCH_USER_PATHS = NO;
				CLANG_ANALYZER_NONNULL = YES;
				CLANG_ANALYZER_NUMBER_OBJECT_CONVERSION = YES_AGGRESSIVE;
				CLANG_CXX_LANGUAGE_STANDARD = "gnu++14";
				CLANG_CXX_LIBRARY = "libc++";
				CLANG_ENABLE_MODULES = YES;
				CLANG_ENABLE_OBJC_ARC = YES;
				CLANG_ENABLE_OBJC_WEAK = YES;
				CLANG_WARN_BLOCK_CAPTURE_AUTORELEASING = YES;
				CLANG_WARN_BOOL_CONVERSION = YES;
				CLANG_WARN_COMMA = YES;
				CLANG_WARN_CONSTANT_CONVERSION = YES;
				CLANG_WARN_DEPRECATED_OBJC_IMPLEMENTATIONS = YES;
				CLANG_WARN_DIRECT_OBJC_ISA_USAGE = YES_ERROR;
				CLANG_WARN_DOCUMENTATION_COMMENTS = YES;
				CLANG_WARN_EMPTY_BODY = YES;
				CLANG_WARN_ENUM_CONVERSION = YES;
				CLANG_WARN_INFINITE_RECURSION = YES;
				CLANG_WARN_INT_CONVERSION = YES;
				CLANG_WARN_NON_LITERAL_NULL_CONVERSION = YES;
				CLANG_WARN_OBJC_IMPLICIT_RETAIN_SELF = YES;
				CLANG_WARN_OBJC_LITERAL_CONVERSION = YES;
				CLANG_WARN_OBJC_ROOT_CLASS = YES_ERROR;
				CLANG_WARN_RANGE_LOOP_ANALYSIS = YES;
				CLANG_WARN_STRICT_PROTOTYPES = YES;
				CLANG_WARN_SUSPICIOUS_MOVE = YES;
				CLANG_WARN_UNGUARDED_AVAILABILITY = YES_AGGRESSIVE;
				CLANG_WARN_UNREACHABLE_CODE = YES;
				CLANG_WARN__DUPLICATE_METHOD_MATCH = YES;
				CODE_SIGN_IDENTITY = "iPhone Developer";
				COPY_PHASE_STRIP = NO;
				DEBUG_INFORMATION_FORMAT = dwarf;
				ENABLE_STRICT_OBJC_MSGSEND = YES;
				ENABLE_TESTABILITY = YES;
				GCC_C_LANGUAGE_STANDARD = gnu11;
				GCC_DYNAMIC_NO_PIC = NO;
				GCC_NO_COMMON_BLOCKS = YES;
				GCC_OPTIMIZATION_LEVEL = 0;
				GCC_PREPROCESSOR_DEFINITIONS = (
					"DEBUG=1",
					"$(inherited)",
				);
				GCC_WARN_64_TO_32_BIT_CONVERSION = YES;
				GCC_WARN_ABOUT_RETURN_TYPE = YES_ERROR;
				GCC_WARN_UNDECLARED_SELECTOR = YES;
				GCC_WARN_UNINITIALIZED_AUTOS = YES_AGGRESSIVE;
				GCC_WARN_UNUSED_FUNCTION = YES;
				GCC_WARN_UNUSED_VARIABLE = YES;
				IPHONEOS_DEPLOYMENT_TARGET = 11.4;
				MTL_ENABLE_DEBUG_INFO = YES;
				ONLY_ACTIVE_ARCH = YES;
				SDKROOT = iphoneos;
				SWIFT_ACTIVE_COMPILATION_CONDITIONS = DEBUG;
				SWIFT_OPTIMIZATION_LEVEL = "-Onone";
			};
			name = Debug;
		};
		97CACB44219A6A3900D29F01 /* Release */ = {
			isa = XCBuildConfiguration;
			buildSettings = {
				ALWAYS_SEARCH_USER_PATHS = NO;
				CLANG_ANALYZER_NONNULL = YES;
				CLANG_ANALYZER_NUMBER_OBJECT_CONVERSION = YES_AGGRESSIVE;
				CLANG_CXX_LANGUAGE_STANDARD = "gnu++14";
				CLANG_CXX_LIBRARY = "libc++";
				CLANG_ENABLE_MODULES = YES;
				CLANG_ENABLE_OBJC_ARC = YES;
				CLANG_ENABLE_OBJC_WEAK = YES;
				CLANG_WARN_BLOCK_CAPTURE_AUTORELEASING = YES;
				CLANG_WARN_BOOL_CONVERSION = YES;
				CLANG_WARN_COMMA = YES;
				CLANG_WARN_CONSTANT_CONVERSION = YES;
				CLANG_WARN_DEPRECATED_OBJC_IMPLEMENTATIONS = YES;
				CLANG_WARN_DIRECT_OBJC_ISA_USAGE = YES_ERROR;
				CLANG_WARN_DOCUMENTATION_COMMENTS = YES;
				CLANG_WARN_EMPTY_BODY = YES;
				CLANG_WARN_ENUM_CONVERSION = YES;
				CLANG_WARN_INFINITE_RECURSION = YES;
				CLANG_WARN_INT_CONVERSION = YES;
				CLANG_WARN_NON_LITERAL_NULL_CONVERSION = YES;
				CLANG_WARN_OBJC_IMPLICIT_RETAIN_SELF = YES;
				CLANG_WARN_OBJC_LITERAL_CONVERSION = YES;
				CLANG_WARN_OBJC_ROOT_CLASS = YES_ERROR;
				CLANG_WARN_RANGE_LOOP_ANALYSIS = YES;
				CLANG_WARN_STRICT_PROTOTYPES = YES;
				CLANG_WARN_SUSPICIOUS_MOVE = YES;
				CLANG_WARN_UNGUARDED_AVAILABILITY = YES_AGGRESSIVE;
				CLANG_WARN_UNREACHABLE_CODE = YES;
				CLANG_WARN__DUPLICATE_METHOD_MATCH = YES;
				CODE_SIGN_IDENTITY = "iPhone Developer";
				COPY_PHASE_STRIP = NO;
				DEBUG_INFORMATION_FORMAT = "dwarf-with-dsym";
				ENABLE_NS_ASSERTIONS = NO;
				ENABLE_STRICT_OBJC_MSGSEND = YES;
				GCC_C_LANGUAGE_STANDARD = gnu11;
				GCC_NO_COMMON_BLOCKS = YES;
				GCC_WARN_64_TO_32_BIT_CONVERSION = YES;
				GCC_WARN_ABOUT_RETURN_TYPE = YES_ERROR;
				GCC_WARN_UNDECLARED_SELECTOR = YES;
				GCC_WARN_UNINITIALIZED_AUTOS = YES_AGGRESSIVE;
				GCC_WARN_UNUSED_FUNCTION = YES;
				GCC_WARN_UNUSED_VARIABLE = YES;
				IPHONEOS_DEPLOYMENT_TARGET = 11.4;
				MTL_ENABLE_DEBUG_INFO = NO;
				SDKROOT = iphoneos;
				SWIFT_COMPILATION_MODE = wholemodule;
				SWIFT_OPTIMIZATION_LEVEL = "-O";
				VALIDATE_PRODUCT = YES;
			};
			name = Release;
		};
		97CACB46219A6A3900D29F01 /* Debug */ = {
			isa = XCBuildConfiguration;
			baseConfigurationReference = 8B771BDF9A90E086A4784CCB /* Pods-PersonalCaddie.debug.xcconfig */;
			buildSettings = {
				ASSETCATALOG_COMPILER_APPICON_NAME = AppIcon;
				CODE_SIGN_STYLE = Automatic;
				DEVELOPMENT_TEAM = WA5N688T3G;
				INFOPLIST_FILE = PersonalCaddie/Info.plist;
				LD_RUNPATH_SEARCH_PATHS = (
					"$(inherited)",
					"@executable_path/Frameworks",
				);
				PRODUCT_BUNDLE_IDENTIFIER = com.67442.PersonalCaddie;
				PRODUCT_NAME = "$(TARGET_NAME)";
				SWIFT_VERSION = 4.0;
				TARGETED_DEVICE_FAMILY = "1,2";
			};
			name = Debug;
		};
		97CACB47219A6A3900D29F01 /* Release */ = {
			isa = XCBuildConfiguration;
			baseConfigurationReference = A3878D15BBA53AA25AE1FE1A /* Pods-PersonalCaddie.release.xcconfig */;
			buildSettings = {
				ASSETCATALOG_COMPILER_APPICON_NAME = AppIcon;
				CODE_SIGN_STYLE = Automatic;
				DEVELOPMENT_TEAM = WA5N688T3G;
				INFOPLIST_FILE = PersonalCaddie/Info.plist;
				LD_RUNPATH_SEARCH_PATHS = (
					"$(inherited)",
					"@executable_path/Frameworks",
				);
				PRODUCT_BUNDLE_IDENTIFIER = com.67442.PersonalCaddie;
				PRODUCT_NAME = "$(TARGET_NAME)";
				SWIFT_VERSION = 4.0;
				TARGETED_DEVICE_FAMILY = "1,2";
			};
			name = Release;
		};
		97CACB49219A6A3900D29F01 /* Debug */ = {
			isa = XCBuildConfiguration;
			baseConfigurationReference = F4937972F1C1BBF814EEF6B0 /* Pods-PersonalCaddieTests.debug.xcconfig */;
			buildSettings = {
				ALWAYS_EMBED_SWIFT_STANDARD_LIBRARIES = YES;
				BUNDLE_LOADER = "$(TEST_HOST)";
				CODE_SIGN_STYLE = Automatic;
				DEVELOPMENT_TEAM = WA5N688T3G;
				INFOPLIST_FILE = PersonalCaddieTests/Info.plist;
				LD_RUNPATH_SEARCH_PATHS = (
					"$(inherited)",
					"@executable_path/Frameworks",
					"@loader_path/Frameworks",
				);
				PRODUCT_BUNDLE_IDENTIFIER = com.67442.PersonalCaddieTests;
				PRODUCT_NAME = "$(TARGET_NAME)";
				SWIFT_VERSION = 4.0;
				TARGETED_DEVICE_FAMILY = "1,2";
				TEST_HOST = "$(BUILT_PRODUCTS_DIR)/PersonalCaddie.app/PersonalCaddie";
			};
			name = Debug;
		};
		97CACB4A219A6A3900D29F01 /* Release */ = {
			isa = XCBuildConfiguration;
			baseConfigurationReference = 169FAAE720919085889045F1 /* Pods-PersonalCaddieTests.release.xcconfig */;
			buildSettings = {
				ALWAYS_EMBED_SWIFT_STANDARD_LIBRARIES = YES;
				BUNDLE_LOADER = "$(TEST_HOST)";
				CODE_SIGN_STYLE = Automatic;
				DEVELOPMENT_TEAM = WA5N688T3G;
				INFOPLIST_FILE = PersonalCaddieTests/Info.plist;
				LD_RUNPATH_SEARCH_PATHS = (
					"$(inherited)",
					"@executable_path/Frameworks",
					"@loader_path/Frameworks",
				);
				PRODUCT_BUNDLE_IDENTIFIER = com.67442.PersonalCaddieTests;
				PRODUCT_NAME = "$(TARGET_NAME)";
				SWIFT_VERSION = 4.0;
				TARGETED_DEVICE_FAMILY = "1,2";
				TEST_HOST = "$(BUILT_PRODUCTS_DIR)/PersonalCaddie.app/PersonalCaddie";
			};
			name = Release;
		};
/* End XCBuildConfiguration section */

/* Begin XCConfigurationList section */
		97CACB20219A6A3400D29F01 /* Build configuration list for PBXProject "PersonalCaddie" */ = {
			isa = XCConfigurationList;
			buildConfigurations = (
				97CACB43219A6A3900D29F01 /* Debug */,
				97CACB44219A6A3900D29F01 /* Release */,
			);
			defaultConfigurationIsVisible = 0;
			defaultConfigurationName = Release;
		};
		97CACB45219A6A3900D29F01 /* Build configuration list for PBXNativeTarget "PersonalCaddie" */ = {
			isa = XCConfigurationList;
			buildConfigurations = (
				97CACB46219A6A3900D29F01 /* Debug */,
				97CACB47219A6A3900D29F01 /* Release */,
			);
			defaultConfigurationIsVisible = 0;
			defaultConfigurationName = Release;
		};
		97CACB48219A6A3900D29F01 /* Build configuration list for PBXNativeTarget "PersonalCaddieTests" */ = {
			isa = XCConfigurationList;
			buildConfigurations = (
				97CACB49219A6A3900D29F01 /* Debug */,
				97CACB4A219A6A3900D29F01 /* Release */,
			);
			defaultConfigurationIsVisible = 0;
			defaultConfigurationName = Release;
		};
/* End XCConfigurationList section */

/* Begin XCVersionGroup section */
		97CACB2F219A6A3500D29F01 /* PersonalCaddie.xcdatamodeld */ = {
			isa = XCVersionGroup;
			children = (
				97CACB30219A6A3500D29F01 /* PersonalCaddie.xcdatamodel */,
			);
			currentVersion = 97CACB30219A6A3500D29F01 /* PersonalCaddie.xcdatamodel */;
			path = PersonalCaddie.xcdatamodeld;
			sourceTree = "<group>";
			versionGroupType = wrapper.xcdatamodel;
		};
/* End XCVersionGroup section */
	};
	rootObject = 97CACB1D219A6A3400D29F01 /* Project object */;
}
